
Microsoft Visual Studio Solution File, Format Version 12.00
# Visual Studio Version 17
VisualStudioVersion = 17.0.31903.59
MinimumVisualStudioVersion = 10.0.40219.1
Project("{FAE04EC0-301F-11D3-BF4B-00C04F79EFBC}") = "HelloMcp", "HelloMcp\HelloMcp.csproj", "{B50CD121-2956-4A06-8C36-EBC9A9DD513B}"
EndProject
Project("{FAE04EC0-301F-11D3-BF4B-00C04F79EFBC}") = "Sample.ServiceDefaults", "Sample.ServiceDefaults\Sample.ServiceDefaults.csproj", "{5DC39846-68C1-4C0A-8CA1-C78386C4ECBB}"
EndProject
Global
	GlobalSection(SolutionConfigurationPlatforms) = preSolution
		Debug|Any CPU = Debug|Any CPU
		Debug|x64 = Debug|x64
		Debug|x86 = Debug|x86
		Release|Any CPU = Release|Any CPU
		Release|x64 = Release|x64
		Release|x86 = Release|x86
	EndGlobalSection
	GlobalSection(ProjectConfigurationPlatforms) = postSolution
		{B50CD121-2956-4A06-8C36-EBC9A9DD513B}.Debug|Any CPU.ActiveCfg = Debug|Any CPU
		{B50CD121-2956-4A06-8C36-EBC9A9DD513B}.Debug|Any CPU.Build.0 = Debug|Any CPU
		{B50CD121-2956-4A06-8C36-EBC9A9DD513B}.Debug|x64.ActiveCfg = Debug|Any CPU
		{B50CD121-2956-4A06-8C36-EBC9A9DD513B}.Debug|x64.Build.0 = Debug|Any CPU
		{B50CD121-2956-4A06-8C36-EBC9A9DD513B}.Debug|x86.ActiveCfg = Debug|Any CPU
		{B50CD121-2956-4A06-8C36-EBC9A9DD513B}.Debug|x86.Build.0 = Debug|Any CPU
		{B50CD121-2956-4A06-8C36-EBC9A9DD513B}.Release|Any CPU.ActiveCfg = Release|Any CPU
		{B50CD121-2956-4A06-8C36-EBC9A9DD513B}.Release|Any CPU.Build.0 = Release|Any CPU
		{B50CD121-2956-4A06-8C36-EBC9A9DD513B}.Release|x64.ActiveCfg = Release|Any CPU
		{B50CD121-2956-4A06-8C36-EBC9A9DD513B}.Release|x64.Build.0 = Release|Any CPU
		{B50CD121-2956-4A06-8C36-EBC9A9DD513B}.Release|x86.ActiveCfg = Release|Any CPU
		{B50CD121-2956-4A06-8C36-EBC9A9DD513B}.Release|x86.Build.0 = Release|Any CPU
		{5DC39846-68C1-4C0A-8CA1-C78386C4ECBB}.Debug|Any CPU.ActiveCfg = Debug|Any CPU
		{5DC39846-68C1-4C0A-8CA1-C78386C4ECBB}.Debug|Any CPU.Build.0 = Debug|Any CPU
		{5DC39846-68C1-4C0A-8CA1-C78386C4ECBB}.Debug|x64.ActiveCfg = Debug|Any CPU
		{5DC39846-68C1-4C0A-8CA1-C78386C4ECBB}.Debug|x64.Build.0 = Debug|Any CPU
		{5DC39846-68C1-4C0A-8CA1-C78386C4ECBB}.Debug|x86.ActiveCfg = Debug|Any CPU
		{5DC39846-68C1-4C0A-8CA1-C78386C4ECBB}.Debug|x86.Build.0 = Debug|Any CPU
		{5DC39846-68C1-4C0A-8CA1-C78386C4ECBB}.Release|Any CPU.ActiveCfg = Release|Any CPU
		{5DC39846-68C1-4C0A-8CA1-C78386C4ECBB}.Release|Any CPU.Build.0 = Release|Any CPU
		{5DC39846-68C1-4C0A-8CA1-C78386C4ECBB}.Release|x64.ActiveCfg = Release|Any CPU
		{5DC39846-68C1-4C0A-8CA1-C78386C4ECBB}.Release|x64.Build.0 = Release|Any CPU
		{5DC39846-68C1-4C0A-8CA1-C78386C4ECBB}.Release|x86.ActiveCfg = Release|Any CPU
		{5DC39846-68C1-4C0A-8CA1-C78386C4ECBB}.Release|x86.Build.0 = Release|Any CPU
	EndGlobalSection
	GlobalSection(SolutionProperties) = preSolution
		HideSolutionNode = FALSE
	EndGlobalSection
EndGlobal
